// !$*UTF8*$!
{
	archiveVersion = 1;
	classes = {
	};
	objectVersion = 50;
	objects = {

/* Begin PBXBuildFile section */
		EA0C0A0A20EB53DF008886AF /* AppDelegate.swift in Sources */ = {isa = PBXBuildFile; fileRef = EA0C0A0920EB53DF008886AF /* AppDelegate.swift */; };
		EA0C0A0C20EB53DF008886AF /* MealViewController.swift in Sources */ = {isa = PBXBuildFile; fileRef = EA0C0A0B20EB53DF008886AF /* MealViewController.swift */; };
		EA0C0A0F20EB53DF008886AF /* Main.storyboard in Resources */ = {isa = PBXBuildFile; fileRef = EA0C0A0D20EB53DF008886AF /* Main.storyboard */; };
		EA0C0A1120EB53E0008886AF /* Assets.xcassets in Resources */ = {isa = PBXBuildFile; fileRef = EA0C0A1020EB53E0008886AF /* Assets.xcassets */; };
		EA0C0A1420EB53E0008886AF /* LaunchScreen.storyboard in Resources */ = {isa = PBXBuildFile; fileRef = EA0C0A1220EB53E0008886AF /* LaunchScreen.storyboard */; };
		EA0C0A1F20EB53E0008886AF /* Food_TrakerTests.swift in Sources */ = {isa = PBXBuildFile; fileRef = EA0C0A1E20EB53E0008886AF /* Food_TrakerTests.swift */; };
		EA2424CA20EE10D20064F43C /* MealTableViewCell.swift in Sources */ = {isa = PBXBuildFile; fileRef = EA2424C920EE10D20064F43C /* MealTableViewCell.swift */; };
		EA2424CC20EE16CB0064F43C /* MealTableViewController.swift in Sources */ = {isa = PBXBuildFile; fileRef = EA2424CB20EE16CB0064F43C /* MealTableViewController.swift */; };
		EA3B4C0E20ED1918007A6D27 /* Meal.swift in Sources */ = {isa = PBXBuildFile; fileRef = EA3B4C0D20ED1918007A6D27 /* Meal.swift */; };
		EA46231420ECCF56009D7230 /* RatingControl.swift in Sources */ = {isa = PBXBuildFile; fileRef = EA46231320ECCF56009D7230 /* RatingControl.swift */; };
/* End PBXBuildFile section */

/* Begin PBXContainerItemProxy section */
		EA0C0A1B20EB53E0008886AF /* PBXContainerItemProxy */ = {
			isa = PBXContainerItemProxy;
			containerPortal = EA0C09FE20EB53DF008886AF /* Project object */;
			proxyType = 1;
			remoteGlobalIDString = EA0C0A0520EB53DF008886AF;
			remoteInfo = "Food Traker";
		};
/* End PBXContainerItemProxy section */

/* Begin PBXFileReference section */
		EA0C0A0620EB53DF008886AF /* Food Traker.app */ = {isa = PBXFileReference; explicitFileType = wrapper.application; includeInIndex = 0; path = "Food Traker.app"; sourceTree = BUILT_PRODUCTS_DIR; };
		EA0C0A0920EB53DF008886AF /* AppDelegate.swift */ = {isa = PBXFileReference; lastKnownFileType = sourcecode.swift; path = AppDelegate.swift; sourceTree = "<group>"; };
		EA0C0A0B20EB53DF008886AF /* MealViewController.swift */ = {isa = PBXFileReference; lastKnownFileType = sourcecode.swift; path = MealViewController.swift; sourceTree = "<group>"; };
		EA0C0A0E20EB53DF008886AF /* Base */ = {isa = PBXFileReference; lastKnownFileType = file.storyboard; name = Base; path = Base.lproj/Main.storyboard; sourceTree = "<group>"; };
		EA0C0A1020EB53E0008886AF /* Assets.xcassets */ = {isa = PBXFileReference; lastKnownFileType = folder.assetcatalog; path = Assets.xcassets; sourceTree = "<group>"; };
		EA0C0A1320EB53E0008886AF /* Base */ = {isa = PBXFileReference; lastKnownFileType = file.storyboard; name = Base; path = Base.lproj/LaunchScreen.storyboard; sourceTree = "<group>"; };
		EA0C0A1520EB53E0008886AF /* Info.plist */ = {isa = PBXFileReference; lastKnownFileType = text.plist.xml; path = Info.plist; sourceTree = "<group>"; };
		EA0C0A1A20EB53E0008886AF /* Food TrakerTests.xctest */ = {isa = PBXFileReference; explicitFileType = wrapper.cfbundle; includeInIndex = 0; path = "Food TrakerTests.xctest"; sourceTree = BUILT_PRODUCTS_DIR; };
		EA0C0A1E20EB53E0008886AF /* Food_TrakerTests.swift */ = {isa = PBXFileReference; lastKnownFileType = sourcecode.swift; path = Food_TrakerTests.swift; sourceTree = "<group>"; };
		EA0C0A2020EB53E0008886AF /* Info.plist */ = {isa = PBXFileReference; lastKnownFileType = text.plist.xml; path = Info.plist; sourceTree = "<group>"; };
		EA2424C920EE10D20064F43C /* MealTableViewCell.swift */ = {isa = PBXFileReference; lastKnownFileType = sourcecode.swift; path = MealTableViewCell.swift; sourceTree = "<group>"; };
		EA2424CB20EE16CB0064F43C /* MealTableViewController.swift */ = {isa = PBXFileReference; lastKnownFileType = sourcecode.swift; path = MealTableViewController.swift; sourceTree = "<group>"; };
		EA3B4C0D20ED1918007A6D27 /* Meal.swift */ = {isa = PBXFileReference; lastKnownFileType = sourcecode.swift; path = Meal.swift; sourceTree = "<group>"; };
		EA46231320ECCF56009D7230 /* RatingControl.swift */ = {isa = PBXFileReference; lastKnownFileType = sourcecode.swift; path = RatingControl.swift; sourceTree = "<group>"; };
/* End PBXFileReference section */

/* Begin PBXFrameworksBuildPhase section */
		EA0C0A0320EB53DF008886AF /* Frameworks */ = {
			isa = PBXFrameworksBuildPhase;
			buildActionMask = 2147483647;
			files = (
			);
			runOnlyForDeploymentPostprocessing = 0;
		};
		EA0C0A1720EB53E0008886AF /* Frameworks */ = {
			isa = PBXFrameworksBuildPhase;
			buildActionMask = 2147483647;
			files = (
			);
			runOnlyForDeploymentPostprocessing = 0;
		};
/* End PBXFrameworksBuildPhase section */

/* Begin PBXGroup section */
		EA0C09FD20EB53DF008886AF = {
			isa = PBXGroup;
			children = (
				EA0C0A0820EB53DF008886AF /* Food Traker */,
				EA0C0A1D20EB53E0008886AF /* Food TrakerTests */,
				EA0C0A0720EB53DF008886AF /* Products */,
			);
			sourceTree = "<group>";
		};
		EA0C0A0720EB53DF008886AF /* Products */ = {
			isa = PBXGroup;
			children = (
				EA0C0A0620EB53DF008886AF /* Food Traker.app */,
				EA0C0A1A20EB53E0008886AF /* Food TrakerTests.xctest */,
			);
			name = Products;
			sourceTree = "<group>";
		};
		EA0C0A0820EB53DF008886AF /* Food Traker */ = {
			isa = PBXGroup;
			children = (
				EA0C0A0920EB53DF008886AF /* AppDelegate.swift */,
				EA0C0A0B20EB53DF008886AF /* MealViewController.swift */,
				EA2424CB20EE16CB0064F43C /* MealTableViewController.swift */,
				EA2424C920EE10D20064F43C /* MealTableViewCell.swift */,
				EA3B4C0D20ED1918007A6D27 /* Meal.swift */,
				EA46231320ECCF56009D7230 /* RatingControl.swift */,
				EA0C0A0D20EB53DF008886AF /* Main.storyboard */,
				EA0C0A1020EB53E0008886AF /* Assets.xcassets */,
				EA0C0A1220EB53E0008886AF /* LaunchScreen.storyboard */,
				EA0C0A1520EB53E0008886AF /* Info.plist */,
			);
			path = "Food Traker";
			sourceTree = "<group>";
		};
		EA0C0A1D20EB53E0008886AF /* Food TrakerTests */ = {
			isa = PBXGroup;
			children = (
				EA0C0A1E20EB53E0008886AF /* Food_TrakerTests.swift */,
				EA0C0A2020EB53E0008886AF /* Info.plist */,
			);
			path = "Food TrakerTests";
			sourceTree = "<group>";
		};
/* End PBXGroup section */

/* Begin PBXNativeTarget section */
		EA0C0A0520EB53DF008886AF /* Food Traker */ = {
			isa = PBXNativeTarget;
			buildConfigurationList = EA0C0A2320EB53E0008886AF /* Build configuration list for PBXNativeTarget "Food Traker" */;
			buildPhases = (
				EA0C0A0220EB53DF008886AF /* Sources */,
				EA0C0A0320EB53DF008886AF /* Frameworks */,
				EA0C0A0420EB53DF008886AF /* Resources */,
			);
			buildRules = (
			);
			dependencies = (
			);
			name = "Food Traker";
			productName = "Food Traker";
			productReference = EA0C0A0620EB53DF008886AF /* Food Traker.app */;
			productType = "com.apple.product-type.application";
		};
		EA0C0A1920EB53E0008886AF /* Food TrakerTests */ = {
			isa = PBXNativeTarget;
			buildConfigurationList = EA0C0A2620EB53E0008886AF /* Build configuration list for PBXNativeTarget "Food TrakerTests" */;
			buildPhases = (
				EA0C0A1620EB53E0008886AF /* Sources */,
				EA0C0A1720EB53E0008886AF /* Frameworks */,
				EA0C0A1820EB53E0008886AF /* Resources */,
			);
			buildRules = (
			);
			dependencies = (
				EA0C0A1C20EB53E0008886AF /* PBXTargetDependency */,
			);
			name = "Food TrakerTests";
			productName = "Food TrakerTests";
			productReference = EA0C0A1A20EB53E0008886AF /* Food TrakerTests.xctest */;
			productType = "com.apple.product-type.bundle.unit-test";
		};
/* End PBXNativeTarget section */

/* Begin PBXProject section */
		EA0C09FE20EB53DF008886AF /* Project object */ = {
			isa = PBXProject;
			attributes = {
				LastSwiftUpdateCheck = 0940;
				LastUpgradeCheck = 0940;
				ORGANIZATIONNAME = "Eduard Caziuc";
				TargetAttributes = {
					EA0C0A0520EB53DF008886AF = {
						CreatedOnToolsVersion = 9.4.1;
					};
					EA0C0A1920EB53E0008886AF = {
						CreatedOnToolsVersion = 9.4.1;
						TestTargetID = EA0C0A0520EB53DF008886AF;
					};
				};
			};
			buildConfigurationList = EA0C0A0120EB53DF008886AF /* Build configuration list for PBXProject "Food Traker" */;
			compatibilityVersion = "Xcode 9.3";
			developmentRegion = en;
			hasScannedForEncodings = 0;
			knownRegions = (
				en,
				Base,
			);
			mainGroup = EA0C09FD20EB53DF008886AF;
			productRefGroup = EA0C0A0720EB53DF008886AF /* Products */;
			projectDirPath = "";
			projectRoot = "";
			targets = (
				EA0C0A0520EB53DF008886AF /* Food Traker */,
				EA0C0A1920EB53E0008886AF /* Food TrakerTests */,
			);
		};
/* End PBXProject section */

/* Begin PBXResourcesBuildPhase section */
		EA0C0A0420EB53DF008886AF /* Resources */ = {
			isa = PBXResourcesBuildPhase;
			buildActionMask = 2147483647;
			files = (
				EA0C0A1420EB53E0008886AF /* LaunchScreen.storyboard in Resources */,
				EA0C0A1120EB53E0008886AF /* Assets.xcassets in Resources */,
				EA0C0A0F20EB53DF008886AF /* Main.storyboard in Resources */,
			);
			runOnlyForDeploymentPostprocessing = 0;
		};
		EA0C0A1820EB53E0008886AF /* Resources */ = {
			isa = PBXResourcesBuildPhase;
			buildActionMask = 2147483647;
			files = (
			);
			runOnlyForDeploymentPostprocessing = 0;
		};
/* End PBXResourcesBuildPhase section */

/* Begin PBXSourcesBuildPhase section */
		EA0C0A0220EB53DF008886AF /* Sources */ = {
			isa = PBXSourcesBuildPhase;
			buildActionMask = 2147483647;
			files = (
				EA3B4C0E20ED1918007A6D27 /* Meal.swift in Sources */,
				EA0C0A0C20EB53DF008886AF /* MealViewController.swift in Sources */,
				EA46231420ECCF56009D7230 /* RatingControl.swift in Sources */,
				EA0C0A0A20EB53DF008886AF /* AppDelegate.swift in Sources */,
				EA2424CC20EE16CB0064F43C /* MealTableViewController.swift in Sources */,
				EA2424CA20EE10D20064F43C /* MealTableViewCell.swift in Sources */,
			);
			runOnlyForDeploymentPostprocessing = 0;
		};
		EA0C0A1620EB53E0008886AF /* Sources */ = {
			isa = PBXSourcesBuildPhase;
			buildActionMask = 2147483647;
			files = (
				EA0C0A1F20EB53E0008886AF /* Food_TrakerTests.swift in Sources */,
			);
			runOnlyForDeploymentPostprocessing = 0;
		};
/* End PBXSourcesBuildPhase section */

/* Begin PBXTargetDependency section */
		EA0C0A1C20EB53E0008886AF /* PBXTargetDependency */ = {
			isa = PBXTargetDependency;
			target = EA0C0A0520EB53DF008886AF /* Food Traker */;
			targetProxy = EA0C0A1B20EB53E0008886AF /* PBXContainerItemProxy */;
		};
/* End PBXTargetDependency section */

/* Begin PBXVariantGroup section */
		EA0C0A0D20EB53DF008886AF /* Main.storyboard */ = {
			isa = PBXVariantGroup;
			children = (
				EA0C0A0E20EB53DF008886AF /* Base */,
			);
			name = Main.storyboard;
			sourceTree = "<group>";
		};
		EA0C0A1220EB53E0008886AF /* LaunchScreen.storyboard */ = {
			isa = PBXVariantGroup;
			children = (
				EA0C0A1320EB53E0008886AF /* Base */,
			);
			name = LaunchScreen.storyboard;
			sourceTree = "<group>";
		};
/* End PBXVariantGroup section */

/* Begin XCBuildConfiguration section */
		EA0C0A2120EB53E0008886AF /* Debug */ = {
			isa = XCBuildConfiguration;
			buildSettings = {
				ALWAYS_SEARCH_USER_PATHS = NO;
				CLANG_ANALYZER_NONNULL = YES;
				CLANG_ANALYZER_NUMBER_OBJECT_CONVERSION = YES_AGGRESSIVE;
				CLANG_CXX_LANGUAGE_STANDARD = "gnu++14";
				CLANG_CXX_LIBRARY = "libc++";
				CLANG_ENABLE_MODULES = YES;
				CLANG_ENABLE_OBJC_ARC = YES;
				CLANG_ENABLE_OBJC_WEAK = YES;
				CLANG_WARN_BLOCK_CAPTURE_AUTORELEASING = YES;
				CLANG_WARN_BOOL_CONVERSION = YES;
				CLANG_WARN_COMMA = YES;
				CLANG_WARN_CONSTANT_CONVERSION = YES;
				CLANG_WARN_DEPRECATED_OBJC_IMPLEMENTATIONS = YES;
				CLANG_WARN_DIRECT_OBJC_ISA_USAGE = YES_ERROR;
				CLANG_WARN_DOCUMENTATION_COMMENTS = YES;
				CLANG_WARN_EMPTY_BODY = YES;
				CLANG_WARN_ENUM_CONVERSION = YES;
				CLANG_WARN_INFINITE_RECURSION = YES;
				CLANG_WARN_INT_CONVERSION = YES;
				CLANG_WARN_NON_LITERAL_NULL_CONVERSION = YES;
				CLANG_WARN_OBJC_IMPLICIT_RETAIN_SELF = YES;
				CLANG_WARN_OBJC_LITERAL_CONVERSION = YES;
				CLANG_WARN_OBJC_ROOT_CLASS = YES_ERROR;
				CLANG_WARN_RANGE_LOOP_ANALYSIS = YES;
				CLANG_WARN_STRICT_PROTOTYPES = YES;
				CLANG_WARN_SUSPICIOUS_MOVE = YES;
				CLANG_WARN_UNGUARDED_AVAILABILITY = YES_AGGRESSIVE;
				CLANG_WARN_UNREACHABLE_CODE = YES;
				CLANG_WARN__DUPLICATE_METHOD_MATCH = YES;
				CODE_SIGN_IDENTITY = "iPhone Developer";
				COPY_PHASE_STRIP = NO;
				DEBUG_INFORMATION_FORMAT = dwarf;
				ENABLE_STRICT_OBJC_MSGSEND = YES;
				ENABLE_TESTABILITY = YES;
				GCC_C_LANGUAGE_STANDARD = gnu11;
				GCC_DYNAMIC_NO_PIC = NO;
				GCC_NO_COMMON_BLOCKS = YES;
				GCC_OPTIMIZATION_LEVEL = 0;
				GCC_PREPROCESSOR_DEFINITIONS = (
					"DEBUG=1",
					"$(inherited)",
				);
				GCC_WARN_64_TO_32_BIT_CONVERSION = YES;
				GCC_WARN_ABOUT_RETURN_TYPE = YES_ERROR;
				GCC_WARN_UNDECLARED_SELECTOR = YES;
				GCC_WARN_UNINITIALIZED_AUTOS = YES_AGGRESSIVE;
				GCC_WARN_UNUSED_FUNCTION = YES;
				GCC_WARN_UNUSED_VARIABLE = YES;
				IPHONEOS_DEPLOYMENT_TARGET = 11.4;
				MTL_ENABLE_DEBUG_INFO = YES;
				ONLY_ACTIVE_ARCH = YES;
				SDKROOT = iphoneos;
				SWIFT_ACTIVE_COMPILATION_CONDITIONS = DEBUG;
				SWIFT_OPTIMIZATION_LEVEL = "-Onone";
			};
			name = Debug;
		};
		EA0C0A2220EB53E0008886AF /* Release */ = {
			isa = XCBuildConfiguration;
			buildSettings = {
				ALWAYS_SEARCH_USER_PATHS = NO;
				CLANG_ANALYZER_NONNULL = YES;
				CLANG_ANALYZER_NUMBER_OBJECT_CONVERSION = YES_AGGRESSIVE;
				CLANG_CXX_LANGUAGE_STANDARD = "gnu++14";
				CLANG_CXX_LIBRARY = "libc++";
				CLANG_ENABLE_MODULES = YES;
				CLANG_ENABLE_OBJC_ARC = YES;
				CLANG_ENABLE_OBJC_WEAK = YES;
				CLANG_WARN_BLOCK_CAPTURE_AUTORELEASING = YES;
				CLANG_WARN_BOOL_CONVERSION = YES;
				CLANG_WARN_COMMA = YES;
				CLANG_WARN_CONSTANT_CONVERSION = YES;
				CLANG_WARN_DEPRECATED_OBJC_IMPLEMENTATIONS = YES;
				CLANG_WARN_DIRECT_OBJC_ISA_USAGE = YES_ERROR;
				CLANG_WARN_DOCUMENTATION_COMMENTS = YES;
				CLANG_WARN_EMPTY_BODY = YES;
				CLANG_WARN_ENUM_CONVERSION = YES;
				CLANG_WARN_INFINITE_RECURSION = YES;
				CLANG_WARN_INT_CONVERSION = YES;
				CLANG_WARN_NON_LITERAL_NULL_CONVERSION = YES;
				CLANG_WARN_OBJC_IMPLICIT_RETAIN_SELF = YES;
				CLANG_WARN_OBJC_LITERAL_CONVERSION = YES;
				CLANG_WARN_OBJC_ROOT_CLASS = YES_ERROR;
				CLANG_WARN_RANGE_LOOP_ANALYSIS = YES;
				CLANG_WARN_STRICT_PROTOTYPES = YES;
				CLANG_WARN_SUSPICIOUS_MOVE = YES;
				CLANG_WARN_UNGUARDED_AVAILABILITY = YES_AGGRESSIVE;
				CLANG_WARN_UNREACHABLE_CODE = YES;
				CLANG_WARN__DUPLICATE_METHOD_MATCH = YES;
				CODE_SIGN_IDENTITY = "iPhone Developer";
				COPY_PHASE_STRIP = NO;
				DEBUG_INFORMATION_FORMAT = "dwarf-with-dsym";
				ENABLE_NS_ASSERTIONS = NO;
				ENABLE_STRICT_OBJC_MSGSEND = YES;
				GCC_C_LANGUAGE_STANDARD = gnu11;
				GCC_NO_COMMON_BLOCKS = YES;
				GCC_WARN_64_TO_32_BIT_CONVERSION = YES;
				GCC_WARN_ABOUT_RETURN_TYPE = YES_ERROR;
				GCC_WARN_UNDECLARED_SELECTOR = YES;
				GCC_WARN_UNINITIALIZED_AUTOS = YES_AGGRESSIVE;
				GCC_WARN_UNUSED_FUNCTION = YES;
				GCC_WARN_UNUSED_VARIABLE = YES;
				IPHONEOS_DEPLOYMENT_TARGET = 11.4;
				MTL_ENABLE_DEBUG_INFO = NO;
				SDKROOT = iphoneos;
				SWIFT_COMPILATION_MODE = wholemodule;
				SWIFT_OPTIMIZATION_LEVEL = "-O";
				VALIDATE_PRODUCT = YES;
			};
			name = Release;
		};
		EA0C0A2420EB53E0008886AF /* Debug */ = {
			isa = XCBuildConfiguration;
			buildSettings = {
				ASSETCATALOG_COMPILER_APPICON_NAME = AppIcon;
				CODE_SIGN_STYLE = Automatic;
				DEVELOPMENT_TEAM = ZU8DL4JP3R;
				INFOPLIST_FILE = "Food Traker/Info.plist";
				LD_RUNPATH_SEARCH_PATHS = (
					"$(inherited)",
					"@executable_path/Frameworks",
				);
				PRODUCT_BUNDLE_IDENTIFIER = "com.teameduard.Food-Traker";
				PRODUCT_NAME = "$(TARGET_NAME)";
				SWIFT_VERSION = 4.0;
				TARGETED_DEVICE_FAMILY = "1,2";
			};
			name = Debug;
		};
		EA0C0A2520EB53E0008886AF /* Release */ = {
			isa = XCBuildConfiguration;
			buildSettings = {
				ASSETCATALOG_COMPILER_APPICON_NAME = AppIcon;
				CODE_SIGN_STYLE = Automatic;
				DEVELOPMENT_TEAM = ZU8DL4JP3R;
				INFOPLIST_FILE = "Food Traker/Info.plist";
				LD_RUNPATH_SEARCH_PATHS = (
					"$(inherited)",
					"@executable_path/Frameworks",
				);
				PRODUCT_BUNDLE_IDENTIFIER = "com.teameduard.Food-Traker";
				PRODUCT_NAME = "$(TARGET_NAME)";
				SWIFT_VERSION = 4.0;
				TARGETED_DEVICE_FAMILY = "1,2";
			};
			name = Release;
		};
		EA0C0A2720EB53E0008886AF /* Debug */ = {
			isa = XCBuildConfiguration;
			buildSettings = {
				ALWAYS_EMBED_SWIFT_STANDARD_LIBRARIES = YES;
				BUNDLE_LOADER = "$(TEST_HOST)";
				CODE_SIGN_STYLE = Automatic;
				DEVELOPMENT_TEAM = ZU8DL4JP3R;
				INFOPLIST_FILE = "Food TrakerTests/Info.plist";
				LD_RUNPATH_SEARCH_PATHS = (
					"$(inherited)",
					"@executable_path/Frameworks",
					"@loader_path/Frameworks",
				);
				PRODUCT_BUNDLE_IDENTIFIER = "com.teameduard.Food-TrakerTests";
				PRODUCT_NAME = "$(TARGET_NAME)";
				SWIFT_VERSION = 4.0;
				TARGETED_DEVICE_FAMILY = "1,2";
				TEST_HOST = "$(BUILT_PRODUCTS_DIR)/Food Traker.app/Food Traker";
			};
			name = Debug;
		};
		EA0C0A2820EB53E0008886AF /* Release */ = {
			isa = XCBuildConfiguration;
			buildSettings = {
				ALWAYS_EMBED_SWIFT_STANDARD_LIBRARIES = YES;
				BUNDLE_LOADER = "$(TEST_HOST)";
				CODE_SIGN_STYLE = Automatic;
				DEVELOPMENT_TEAM = ZU8DL4JP3R;
				INFOPLIST_FILE = "Food TrakerTests/Info.plist";
				LD_RUNPATH_SEARCH_PATHS = (
					"$(inherited)",
					"@executable_path/Frameworks",
					"@loader_path/Frameworks",
				);
				PRODUCT_BUNDLE_IDENTIFIER = "com.teameduard.Food-TrakerTests";
				PRODUCT_NAME = "$(TARGET_NAME)";
				SWIFT_VERSION = 4.0;
				TARGETED_DEVICE_FAMILY = "1,2";
				TEST_HOST = "$(BUILT_PRODUCTS_DIR)/Food Traker.app/Food Traker";
			};
			name = Release;
		};
/* End XCBuildConfiguration section */

/* Begin XCConfigurationList section */
		EA0C0A0120EB53DF008886AF /* Build configuration list for PBXProject "Food Traker" */ = {
			isa = XCConfigurationList;
			buildConfigurations = (
				EA0C0A2120EB53E0008886AF /* Debug */,
				EA0C0A2220EB53E0008886AF /* Release */,
			);
			defaultConfigurationIsVisible = 0;
			defaultConfigurationName = Release;
		};
		EA0C0A2320EB53E0008886AF /* Build configuration list for PBXNativeTarget "Food Traker" */ = {
			isa = XCConfigurationList;
			buildConfigurations = (
				EA0C0A2420EB53E0008886AF /* Debug */,
				EA0C0A2520EB53E0008886AF /* Release */,
			);
			defaultConfigurationIsVisible = 0;
			defaultConfigurationName = Release;
		};
		EA0C0A2620EB53E0008886AF /* Build configuration list for PBXNativeTarget "Food TrakerTests" */ = {
			isa = XCConfigurationList;
			buildConfigurations = (
				EA0C0A2720EB53E0008886AF /* Debug */,
				EA0C0A2820EB53E0008886AF /* Release */,
			);
			defaultConfigurationIsVisible = 0;
			defaultConfigurationName = Release;
		};
/* End XCConfigurationList section */
	};
	rootObject = EA0C09FE20EB53DF008886AF /* Project object */;
}
